
Microsoft Visual Studio Solution File, Format Version 12.00
# Visual Studio 15
VisualStudioVersion = 15.0.27703.2042
MinimumVisualStudioVersion = 10.0.40219.1
Project("{FAE04EC0-301F-11D3-BF4B-00C04F79EFBC}") = "Superhero", "Superhero\Superhero.csproj", "{1FBC2550-890B-4095-9A8D-8AF4DA49443A}"
EndProject
Global
	GlobalSection(SolutionConfigurationPlatforms) = preSolution
		Debug|Any CPU = Debug|Any CPU
		Release|Any CPU = Release|Any CPU
	EndGlobalSection
	GlobalSection(ProjectConfigurationPlatforms) = postSolution
		{1FBC2550-890B-4095-9A8D-8AF4DA49443A}.Debug|Any CPU.ActiveCfg = Debug|Any CPU
		{1FBC2550-890B-4095-9A8D-8AF4DA49443A}.Debug|Any CPU.Build.0 = Debug|Any CPU
		{1FBC2550-890B-4095-9A8D-8AF4DA49443A}.Release|Any CPU.ActiveCfg = Release|Any CPU
		{1FBC2550-890B-4095-9A8D-8AF4DA49443A}.Release|Any CPU.Build.0 = Release|Any CPU
	EndGlobalSection
	GlobalSection(SolutionProperties) = preSolution
		HideSolutionNode = FALSE
	EndGlobalSection
	GlobalSection(ExtensibilityGlobals) = postSolution
		SolutionGuid = {FD288B4A-FD7B-413D-A3E4-147EE2D34830}
	EndGlobalSection
EndGlobal
